
Microsoft Visual Studio Solution File, Format Version 12.00
# Visual Studio Version 16
VisualStudioVersion = 16.0.30717.126
MinimumVisualStudioVersion = 10.0.40219.1
Project("{FAE04EC0-301F-11D3-BF4B-00C04F79EFBC}") = "prjCRUD", "prjCRUD\prjCRUD.csproj", "{3288C7BF-3FFE-4D1B-8D90-D791B8DABEFE}"
EndProject
Global
	GlobalSection(SolutionConfigurationPlatforms) = preSolution
		Debug|Any CPU = Debug|Any CPU
		Release|Any CPU = Release|Any CPU
	EndGlobalSection
	GlobalSection(ProjectConfigurationPlatforms) = postSolution
		{3288C7BF-3FFE-4D1B-8D90-D791B8DABEFE}.Debug|Any CPU.ActiveCfg = Debug|Any CPU
		{3288C7BF-3FFE-4D1B-8D90-D791B8DABEFE}.Debug|Any CPU.Build.0 = Debug|Any CPU
		{3288C7BF-3FFE-4D1B-8D90-D791B8DABEFE}.Release|Any CPU.ActiveCfg = Release|Any CPU
		{3288C7BF-3FFE-4D1B-8D90-D791B8DABEFE}.Release|Any CPU.Build.0 = Release|Any CPU
	EndGlobalSection
	GlobalSection(SolutionProperties) = preSolution
		HideSolutionNode = FALSE
	EndGlobalSection
	GlobalSection(ExtensibilityGlobals) = postSolution
		SolutionGuid = {C4B11926-B643-4D5A-91D9-8171AB39600F}
	EndGlobalSection
EndGlobal
